
Microsoft Visual Studio Solution File, Format Version 12.00
# Visual Studio 15
VisualStudioVersion = 15.0.28307.1267
MinimumVisualStudioVersion = 10.0.40219.1
Project("{888888A0-9F3D-457C-B088-3A5042F75D52}") = "task_4", "task_4\task_4.pyproj", "{41FB3D15-8134-49BF-97CD-DA1F5E2F98C8}"
EndProject
Global
	GlobalSection(SolutionConfigurationPlatforms) = preSolution
		Debug|Any CPU = Debug|Any CPU
		Release|Any CPU = Release|Any CPU
	EndGlobalSection
	GlobalSection(ProjectConfigurationPlatforms) = postSolution
		{41FB3D15-8134-49BF-97CD-DA1F5E2F98C8}.Debug|Any CPU.ActiveCfg = Debug|Any CPU
		{41FB3D15-8134-49BF-97CD-DA1F5E2F98C8}.Release|Any CPU.ActiveCfg = Release|Any CPU
	EndGlobalSection
	GlobalSection(SolutionProperties) = preSolution
		HideSolutionNode = FALSE
	EndGlobalSection
	GlobalSection(ExtensibilityGlobals) = postSolution
		SolutionGuid = {F4B4A03F-EFFA-47BA-8DF7-D4C734F6B92A}
	EndGlobalSection
EndGlobal
